// !$*UTF8*$!
{
	archiveVersion = 1;
	classes = {
	};
	objectVersion = 48;
	objects = {

/* Begin PBXBuildFile section */
		49116AF31FC2C6E700BD73D2 /* ThreeRingControl.framework in Frameworks */ = {isa = PBXBuildFile; fileRef = 49116AE91FC2C6E700BD73D2 /* ThreeRingControl.framework */; };
		49116AF81FC2C6E700BD73D2 /* ThreeRingControlTests.swift in Sources */ = {isa = PBXBuildFile; fileRef = 49116AF71FC2C6E700BD73D2 /* ThreeRingControlTests.swift */; };
		49116AFA1FC2C6E700BD73D2 /* ThreeRingControl.h in Headers */ = {isa = PBXBuildFile; fileRef = 49116AEC1FC2C6E700BD73D2 /* ThreeRingControl.h */; settings = {ATTRIBUTES = (Public, ); }; };
		49116B0B1FC2C78200BD73D2 /* RingTip.swift in Sources */ = {isa = PBXBuildFile; fileRef = 49116B031FC2C78100BD73D2 /* RingTip.swift */; };
		49116B0C1FC2C78200BD73D2 /* Fanfare.swift in Sources */ = {isa = PBXBuildFile; fileRef = 49116B041FC2C78100BD73D2 /* Fanfare.swift */; };
		49116B0D1FC2C78200BD73D2 /* ThreeRingView.swift in Sources */ = {isa = PBXBuildFile; fileRef = 49116B051FC2C78100BD73D2 /* ThreeRingView.swift */; };
		49116B0E1FC2C78200BD73D2 /* RingLayer.swift in Sources */ = {isa = PBXBuildFile; fileRef = 49116B061FC2C78100BD73D2 /* RingLayer.swift */; };
		49116B0F1FC2C78200BD73D2 /* CircularGradient.swift in Sources */ = {isa = PBXBuildFile; fileRef = 49116B071FC2C78100BD73D2 /* CircularGradient.swift */; };
		49116B101FC2C78200BD73D2 /* winning.mp3 in Resources */ = {isa = PBXBuildFile; fileRef = 49116B081FC2C78100BD73D2 /* winning.mp3 */; };
		49116B111FC2C78200BD73D2 /* coin07.mp3 in Resources */ = {isa = PBXBuildFile; fileRef = 49116B091FC2C78100BD73D2 /* coin07.mp3 */; };
		49116B121FC2C78200BD73D2 /* Utilities.swift in Sources */ = {isa = PBXBuildFile; fileRef = 49116B0A1FC2C78200BD73D2 /* Utilities.swift */; };
		498E82EA1FC2D01000C24C7B /* ThreeRingTest.swift in Sources */ = {isa = PBXBuildFile; fileRef = 498E82E91FC2D01000C24C7B /* ThreeRingTest.swift */; };
/* End PBXBuildFile section */

/* Begin PBXContainerItemProxy section */
		49116AF41FC2C6E700BD73D2 /* PBXContainerItemProxy */ = {
			isa = PBXContainerItemProxy;
			containerPortal = 49116AE01FC2C6E700BD73D2 /* Project object */;
			proxyType = 1;
			remoteGlobalIDString = 49116AE81FC2C6E700BD73D2;
			remoteInfo = ThreeRingControl;
		};
/* End PBXContainerItemProxy section */

/* Begin PBXFileReference section */
		49116AE91FC2C6E700BD73D2 /* ThreeRingControl.framework */ = {isa = PBXFileReference; explicitFileType = wrapper.framework; includeInIndex = 0; path = ThreeRingControl.framework; sourceTree = BUILT_PRODUCTS_DIR; };
		49116AEC1FC2C6E700BD73D2 /* ThreeRingControl.h */ = {isa = PBXFileReference; lastKnownFileType = sourcecode.c.h; path = ThreeRingControl.h; sourceTree = "<group>"; };
		49116AED1FC2C6E700BD73D2 /* Info.plist */ = {isa = PBXFileReference; lastKnownFileType = text.plist.xml; path = Info.plist; sourceTree = "<group>"; };
		49116AF21FC2C6E700BD73D2 /* ThreeRingControlTests.xctest */ = {isa = PBXFileReference; explicitFileType = wrapper.cfbundle; includeInIndex = 0; path = ThreeRingControlTests.xctest; sourceTree = BUILT_PRODUCTS_DIR; };
		49116AF71FC2C6E700BD73D2 /* ThreeRingControlTests.swift */ = {isa = PBXFileReference; lastKnownFileType = sourcecode.swift; path = ThreeRingControlTests.swift; sourceTree = "<group>"; };
		49116AF91FC2C6E700BD73D2 /* Info.plist */ = {isa = PBXFileReference; lastKnownFileType = text.plist.xml; path = Info.plist; sourceTree = "<group>"; };
		49116B031FC2C78100BD73D2 /* RingTip.swift */ = {isa = PBXFileReference; fileEncoding = 4; lastKnownFileType = sourcecode.swift; path = RingTip.swift; sourceTree = "<group>"; };
		49116B041FC2C78100BD73D2 /* Fanfare.swift */ = {isa = PBXFileReference; fileEncoding = 4; lastKnownFileType = sourcecode.swift; path = Fanfare.swift; sourceTree = "<group>"; };
		49116B051FC2C78100BD73D2 /* ThreeRingView.swift */ = {isa = PBXFileReference; fileEncoding = 4; lastKnownFileType = sourcecode.swift; path = ThreeRingView.swift; sourceTree = "<group>"; };
		49116B061FC2C78100BD73D2 /* RingLayer.swift */ = {isa = PBXFileReference; fileEncoding = 4; lastKnownFileType = sourcecode.swift; path = RingLayer.swift; sourceTree = "<group>"; };
		49116B071FC2C78100BD73D2 /* CircularGradient.swift */ = {isa = PBXFileReference; fileEncoding = 4; lastKnownFileType = sourcecode.swift; path = CircularGradient.swift; sourceTree = "<group>"; };
		49116B081FC2C78100BD73D2 /* winning.mp3 */ = {isa = PBXFileReference; lastKnownFileType = audio.mp3; path = winning.mp3; sourceTree = "<group>"; };
		49116B091FC2C78100BD73D2 /* coin07.mp3 */ = {isa = PBXFileReference; lastKnownFileType = audio.mp3; path = coin07.mp3; sourceTree = "<group>"; };
		49116B0A1FC2C78200BD73D2 /* Utilities.swift */ = {isa = PBXFileReference; fileEncoding = 4; lastKnownFileType = sourcecode.swift; path = Utilities.swift; sourceTree = "<group>"; };
		498E82E91FC2D01000C24C7B /* ThreeRingTest.swift */ = {isa = PBXFileReference; fileEncoding = 4; lastKnownFileType = sourcecode.swift; path = ThreeRingTest.swift; sourceTree = "<group>"; };
/* End PBXFileReference section */

/* Begin PBXFrameworksBuildPhase section */
		49116AE51FC2C6E700BD73D2 /* Frameworks */ = {
			isa = PBXFrameworksBuildPhase;
			buildActionMask = 2147483647;
			files = (
			);
			runOnlyForDeploymentPostprocessing = 0;
		};
		49116AEF1FC2C6E700BD73D2 /* Frameworks */ = {
			isa = PBXFrameworksBuildPhase;
			buildActionMask = 2147483647;
			files = (
				49116AF31FC2C6E700BD73D2 /* ThreeRingControl.framework in Frameworks */,
			);
			runOnlyForDeploymentPostprocessing = 0;
		};
/* End PBXFrameworksBuildPhase section */

/* Begin PBXGroup section */
		49116ADF1FC2C6E700BD73D2 = {
			isa = PBXGroup;
			children = (
				49116AEB1FC2C6E700BD73D2 /* ThreeRingControl */,
				49116AF61FC2C6E700BD73D2 /* ThreeRingControlTests */,
				49116AEA1FC2C6E700BD73D2 /* Products */,
			);
			sourceTree = "<group>";
		};
		49116AEA1FC2C6E700BD73D2 /* Products */ = {
			isa = PBXGroup;
			children = (
				49116AE91FC2C6E700BD73D2 /* ThreeRingControl.framework */,
				49116AF21FC2C6E700BD73D2 /* ThreeRingControlTests.xctest */,
			);
			name = Products;
			sourceTree = "<group>";
		};
		49116AEB1FC2C6E700BD73D2 /* ThreeRingControl */ = {
			isa = PBXGroup;
			children = (
				49116B071FC2C78100BD73D2 /* CircularGradient.swift */,
				49116B091FC2C78100BD73D2 /* coin07.mp3 */,
				49116B041FC2C78100BD73D2 /* Fanfare.swift */,
				49116B061FC2C78100BD73D2 /* RingLayer.swift */,
				49116B031FC2C78100BD73D2 /* RingTip.swift */,
				49116B051FC2C78100BD73D2 /* ThreeRingView.swift */,
				49116B0A1FC2C78200BD73D2 /* Utilities.swift */,
				49116B081FC2C78100BD73D2 /* winning.mp3 */,
				49116AEC1FC2C6E700BD73D2 /* ThreeRingControl.h */,
				49116AED1FC2C6E700BD73D2 /* Info.plist */,
			);
			path = ThreeRingControl;
			sourceTree = "<group>";
		};
		49116AF61FC2C6E700BD73D2 /* ThreeRingControlTests */ = {
			isa = PBXGroup;
			children = (
				498E82E91FC2D01000C24C7B /* ThreeRingTest.swift */,
				49116AF71FC2C6E700BD73D2 /* ThreeRingControlTests.swift */,
				49116AF91FC2C6E700BD73D2 /* Info.plist */,
			);
			path = ThreeRingControlTests;
			sourceTree = "<group>";
		};
/* End PBXGroup section */

/* Begin PBXHeadersBuildPhase section */
		49116AE61FC2C6E700BD73D2 /* Headers */ = {
			isa = PBXHeadersBuildPhase;
			buildActionMask = 2147483647;
			files = (
				49116AFA1FC2C6E700BD73D2 /* ThreeRingControl.h in Headers */,
			);
			runOnlyForDeploymentPostprocessing = 0;
		};
/* End PBXHeadersBuildPhase section */

/* Begin PBXNativeTarget section */
		49116AE81FC2C6E700BD73D2 /* ThreeRingControl */ = {
			isa = PBXNativeTarget;
			buildConfigurationList = 49116AFD1FC2C6E700BD73D2 /* Build configuration list for PBXNativeTarget "ThreeRingControl" */;
			buildPhases = (
				49116AE41FC2C6E700BD73D2 /* Sources */,
				49116AE51FC2C6E700BD73D2 /* Frameworks */,
				49116AE61FC2C6E700BD73D2 /* Headers */,
				49116AE71FC2C6E700BD73D2 /* Resources */,
			);
			buildRules = (
			);
			dependencies = (
			);
			name = ThreeRingControl;
			productName = ThreeRingControl;
			productReference = 49116AE91FC2C6E700BD73D2 /* ThreeRingControl.framework */;
			productType = "com.apple.product-type.framework";
		};
		49116AF11FC2C6E700BD73D2 /* ThreeRingControlTests */ = {
			isa = PBXNativeTarget;
			buildConfigurationList = 49116B001FC2C6E700BD73D2 /* Build configuration list for PBXNativeTarget "ThreeRingControlTests" */;
			buildPhases = (
				49116AEE1FC2C6E700BD73D2 /* Sources */,
				49116AEF1FC2C6E700BD73D2 /* Frameworks */,
				49116AF01FC2C6E700BD73D2 /* Resources */,
			);
			buildRules = (
			);
			dependencies = (
				49116AF51FC2C6E700BD73D2 /* PBXTargetDependency */,
			);
			name = ThreeRingControlTests;
			productName = ThreeRingControlTests;
			productReference = 49116AF21FC2C6E700BD73D2 /* ThreeRingControlTests.xctest */;
			productType = "com.apple.product-type.bundle.unit-test";
		};
/* End PBXNativeTarget section */

/* Begin PBXProject section */
		49116AE01FC2C6E700BD73D2 /* Project object */ = {
			isa = PBXProject;
			attributes = {
				LastSwiftUpdateCheck = 0910;
				LastUpgradeCheck = 0910;
				ORGANIZATIONNAME = SUN;
				TargetAttributes = {
					49116AE81FC2C6E700BD73D2 = {
						CreatedOnToolsVersion = 9.1;
						LastSwiftMigration = 0910;
						ProvisioningStyle = Automatic;
					};
					49116AF11FC2C6E700BD73D2 = {
						CreatedOnToolsVersion = 9.1;
						ProvisioningStyle = Automatic;
					};
				};
			};
			buildConfigurationList = 49116AE31FC2C6E700BD73D2 /* Build configuration list for PBXProject "ThreeRingControl" */;
			compatibilityVersion = "Xcode 8.0";
			developmentRegion = en;
			hasScannedForEncodings = 0;
			knownRegions = (
				en,
			);
			mainGroup = 49116ADF1FC2C6E700BD73D2;
			productRefGroup = 49116AEA1FC2C6E700BD73D2 /* Products */;
			projectDirPath = "";
			projectRoot = "";
			targets = (
				49116AE81FC2C6E700BD73D2 /* ThreeRingControl */,
				49116AF11FC2C6E700BD73D2 /* ThreeRingControlTests */,
			);
		};
/* End PBXProject section */

/* Begin PBXResourcesBuildPhase section */
		49116AE71FC2C6E700BD73D2 /* Resources */ = {
			isa = PBXResourcesBuildPhase;
			buildActionMask = 2147483647;
			files = (
				49116B111FC2C78200BD73D2 /* coin07.mp3 in Resources */,
				49116B101FC2C78200BD73D2 /* winning.mp3 in Resources */,
			);
			runOnlyForDeploymentPostprocessing = 0;
		};
		49116AF01FC2C6E700BD73D2 /* Resources */ = {
			isa = PBXResourcesBuildPhase;
			buildActionMask = 2147483647;
			files = (
			);
			runOnlyForDeploymentPostprocessing = 0;
		};
/* End PBXResourcesBuildPhase section */

/* Begin PBXSourcesBuildPhase section */
		49116AE41FC2C6E700BD73D2 /* Sources */ = {
			isa = PBXSourcesBuildPhase;
			buildActionMask = 2147483647;
			files = (
				49116B121FC2C78200BD73D2 /* Utilities.swift in Sources */,
				49116B0B1FC2C78200BD73D2 /* RingTip.swift in Sources */,
				49116B0D1FC2C78200BD73D2 /* ThreeRingView.swift in Sources */,
				49116B0F1FC2C78200BD73D2 /* CircularGradient.swift in Sources */,
				49116B0C1FC2C78200BD73D2 /* Fanfare.swift in Sources */,
				49116B0E1FC2C78200BD73D2 /* RingLayer.swift in Sources */,
			);
			runOnlyForDeploymentPostprocessing = 0;
		};
		49116AEE1FC2C6E700BD73D2 /* Sources */ = {
			isa = PBXSourcesBuildPhase;
			buildActionMask = 2147483647;
			files = (
				498E82EA1FC2D01000C24C7B /* ThreeRingTest.swift in Sources */,
				49116AF81FC2C6E700BD73D2 /* ThreeRingControlTests.swift in Sources */,
			);
			runOnlyForDeploymentPostprocessing = 0;
		};
/* End PBXSourcesBuildPhase section */

/* Begin PBXTargetDependency section */
		49116AF51FC2C6E700BD73D2 /* PBXTargetDependency */ = {
			isa = PBXTargetDependency;
			target = 49116AE81FC2C6E700BD73D2 /* ThreeRingControl */;
			targetProxy = 49116AF41FC2C6E700BD73D2 /* PBXContainerItemProxy */;
		};
/* End PBXTargetDependency section */

/* Begin XCBuildConfiguration section */
		49116AFB1FC2C6E700BD73D2 /* Debug */ = {
			isa = XCBuildConfiguration;
			buildSettings = {
				ALWAYS_SEARCH_USER_PATHS = NO;
				CLANG_ANALYZER_NONNULL = YES;
				CLANG_ANALYZER_NUMBER_OBJECT_CONVERSION = YES_AGGRESSIVE;
				CLANG_CXX_LANGUAGE_STANDARD = "gnu++14";
				CLANG_CXX_LIBRARY = "libc++";
				CLANG_ENABLE_MODULES = YES;
				CLANG_ENABLE_OBJC_ARC = YES;
				CLANG_WARN_BLOCK_CAPTURE_AUTORELEASING = YES;
				CLANG_WARN_BOOL_CONVERSION = YES;
				CLANG_WARN_COMMA = YES;
				CLANG_WARN_CONSTANT_CONVERSION = YES;
				CLANG_WARN_DIRECT_OBJC_ISA_USAGE = YES_ERROR;
				CLANG_WARN_DOCUMENTATION_COMMENTS = YES;
				CLANG_WARN_EMPTY_BODY = YES;
				CLANG_WARN_ENUM_CONVERSION = YES;
				CLANG_WARN_INFINITE_RECURSION = YES;
				CLANG_WARN_INT_CONVERSION = YES;
				CLANG_WARN_NON_LITERAL_NULL_CONVERSION = YES;
				CLANG_WARN_OBJC_LITERAL_CONVERSION = YES;
				CLANG_WARN_OBJC_ROOT_CLASS = YES_ERROR;
				CLANG_WARN_RANGE_LOOP_ANALYSIS = YES;
				CLANG_WARN_STRICT_PROTOTYPES = YES;
				CLANG_WARN_SUSPICIOUS_MOVE = YES;
				CLANG_WARN_UNGUARDED_AVAILABILITY = YES_AGGRESSIVE;
				CLANG_WARN_UNREACHABLE_CODE = YES;
				CLANG_WARN__DUPLICATE_METHOD_MATCH = YES;
				CODE_SIGN_IDENTITY = "iPhone Developer";
				COPY_PHASE_STRIP = NO;
				CURRENT_PROJECT_VERSION = 1;
				DEBUG_INFORMATION_FORMAT = dwarf;
				ENABLE_STRICT_OBJC_MSGSEND = YES;
				ENABLE_TESTABILITY = YES;
				GCC_C_LANGUAGE_STANDARD = gnu11;
				GCC_DYNAMIC_NO_PIC = NO;
				GCC_NO_COMMON_BLOCKS = YES;
				GCC_OPTIMIZATION_LEVEL = 0;
				GCC_PREPROCESSOR_DEFINITIONS = (
					"DEBUG=1",
					"$(inherited)",
				);
				GCC_WARN_64_TO_32_BIT_CONVERSION = YES;
				GCC_WARN_ABOUT_RETURN_TYPE = YES_ERROR;
				GCC_WARN_UNDECLARED_SELECTOR = YES;
				GCC_WARN_UNINITIALIZED_AUTOS = YES_AGGRESSIVE;
				GCC_WARN_UNUSED_FUNCTION = YES;
				GCC_WARN_UNUSED_VARIABLE = YES;
				IPHONEOS_DEPLOYMENT_TARGET = 11.1;
				MTL_ENABLE_DEBUG_INFO = YES;
				ONLY_ACTIVE_ARCH = YES;
				SDKROOT = iphoneos;
				SWIFT_ACTIVE_COMPILATION_CONDITIONS = DEBUG;
				SWIFT_OPTIMIZATION_LEVEL = "-Onone";
				VERSIONING_SYSTEM = "apple-generic";
				VERSION_INFO_PREFIX = "";
			};
			name = Debug;
		};
		49116AFC1FC2C6E700BD73D2 /* Release */ = {
			isa = XCBuildConfiguration;
			buildSettings = {
				ALWAYS_SEARCH_USER_PATHS = NO;
				CLANG_ANALYZER_NONNULL = YES;
				CLANG_ANALYZER_NUMBER_OBJECT_CONVERSION = YES_AGGRESSIVE;
				CLANG_CXX_LANGUAGE_STANDARD = "gnu++14";
				CLANG_CXX_LIBRARY = "libc++";
				CLANG_ENABLE_MODULES = YES;
				CLANG_ENABLE_OBJC_ARC = YES;
				CLANG_WARN_BLOCK_CAPTURE_AUTORELEASING = YES;
				CLANG_WARN_BOOL_CONVERSION = YES;
				CLANG_WARN_COMMA = YES;
				CLANG_WARN_CONSTANT_CONVERSION = YES;
				CLANG_WARN_DIRECT_OBJC_ISA_USAGE = YES_ERROR;
				CLANG_WARN_DOCUMENTATION_COMMENTS = YES;
				CLANG_WARN_EMPTY_BODY = YES;
				CLANG_WARN_ENUM_CONVERSION = YES;
				CLANG_WARN_INFINITE_RECURSION = YES;
				CLANG_WARN_INT_CONVERSION = YES;
				CLANG_WARN_NON_LITERAL_NULL_CONVERSION = YES;
				CLANG_WARN_OBJC_LITERAL_CONVERSION = YES;
				CLANG_WARN_OBJC_ROOT_CLASS = YES_ERROR;
				CLANG_WARN_RANGE_LOOP_ANALYSIS = YES;
				CLANG_WARN_STRICT_PROTOTYPES = YES;
				CLANG_WARN_SUSPICIOUS_MOVE = YES;
				CLANG_WARN_UNGUARDED_AVAILABILITY = YES_AGGRESSIVE;
				CLANG_WARN_UNREACHABLE_CODE = YES;
				CLANG_WARN__DUPLICATE_METHOD_MATCH = YES;
				CODE_SIGN_IDENTITY = "iPhone Developer";
				COPY_PHASE_STRIP = NO;
				CURRENT_PROJECT_VERSION = 1;
				DEBUG_INFORMATION_FORMAT = "dwarf-with-dsym";
				ENABLE_NS_ASSERTIONS = NO;
				ENABLE_STRICT_OBJC_MSGSEND = YES;
				GCC_C_LANGUAGE_STANDARD = gnu11;
				GCC_NO_COMMON_BLOCKS = YES;
				GCC_WARN_64_TO_32_BIT_CONVERSION = YES;
				GCC_WARN_ABOUT_RETURN_TYPE = YES_ERROR;
				GCC_WARN_UNDECLARED_SELECTOR = YES;
				GCC_WARN_UNINITIALIZED_AUTOS = YES_AGGRESSIVE;
				GCC_WARN_UNUSED_FUNCTION = YES;
				GCC_WARN_UNUSED_VARIABLE = YES;
				IPHONEOS_DEPLOYMENT_TARGET = 11.1;
				MTL_ENABLE_DEBUG_INFO = NO;
				SDKROOT = iphoneos;
				SWIFT_OPTIMIZATION_LEVEL = "-Owholemodule";
				VALIDATE_PRODUCT = YES;
				VERSIONING_SYSTEM = "apple-generic";
				VERSION_INFO_PREFIX = "";
			};
			name = Release;
		};
		49116AFE1FC2C6E700BD73D2 /* Debug */ = {
			isa = XCBuildConfiguration;
			buildSettings = {
				CLANG_ENABLE_MODULES = YES;
				CODE_SIGN_IDENTITY = "";
				CODE_SIGN_STYLE = Automatic;
				DEFINES_MODULE = YES;
				DEVELOPMENT_TEAM = 3CBZ8Z3F6P;
				DYLIB_COMPATIBILITY_VERSION = 1;
				DYLIB_CURRENT_VERSION = 1;
				DYLIB_INSTALL_NAME_BASE = "@rpath";
				INFOPLIST_FILE = ThreeRingControl/Info.plist;
				INSTALL_PATH = "$(LOCAL_LIBRARY_DIR)/Frameworks";
				LD_RUNPATH_SEARCH_PATHS = "$(inherited) @executable_path/Frameworks @loader_path/Frameworks";
				PRODUCT_BUNDLE_IDENTIFIER = com.whu.sun.ThreeRingControl;
				PRODUCT_NAME = "$(TARGET_NAME:c99extidentifier)";
				SKIP_INSTALL = YES;
				SWIFT_OPTIMIZATION_LEVEL = "-Onone";
				SWIFT_VERSION = 4.0;
				TARGETED_DEVICE_FAMILY = "1,2";
			};
			name = Debug;
		};
		49116AFF1FC2C6E700BD73D2 /* Release */ = {
			isa = XCBuildConfiguration;
			buildSettings = {
				CLANG_ENABLE_MODULES = YES;
				CODE_SIGN_IDENTITY = "";
				CODE_SIGN_STYLE = Automatic;
				DEFINES_MODULE = YES;
				DEVELOPMENT_TEAM = 3CBZ8Z3F6P;
				DYLIB_COMPATIBILITY_VERSION = 1;
				DYLIB_CURRENT_VERSION = 1;
				DYLIB_INSTALL_NAME_BASE = "@rpath";
				INFOPLIST_FILE = ThreeRingControl/Info.plist;
				INSTALL_PATH = "$(LOCAL_LIBRARY_DIR)/Frameworks";
				LD_RUNPATH_SEARCH_PATHS = "$(inherited) @executable_path/Frameworks @loader_path/Frameworks";
				PRODUCT_BUNDLE_IDENTIFIER = com.whu.sun.ThreeRingControl;
				PRODUCT_NAME = "$(TARGET_NAME:c99extidentifier)";
				SKIP_INSTALL = YES;
				SWIFT_VERSION = 4.0;
				TARGETED_DEVICE_FAMILY = "1,2";
			};
			name = Release;
		};
		49116B011FC2C6E700BD73D2 /* Debug */ = {
			isa = XCBuildConfiguration;
			buildSettings = {
				ALWAYS_EMBED_SWIFT_STANDARD_LIBRARIES = YES;
				CODE_SIGN_STYLE = Automatic;
				DEVELOPMENT_TEAM = 3CBZ8Z3F6P;
				INFOPLIST_FILE = ThreeRingControlTests/Info.plist;
				LD_RUNPATH_SEARCH_PATHS = "$(inherited) @executable_path/Frameworks @loader_path/Frameworks";
				PRODUCT_BUNDLE_IDENTIFIER = com.whu.sun.ThreeRingControlTests;
				PRODUCT_NAME = "$(TARGET_NAME)";
				SWIFT_VERSION = 4.0;
				TARGETED_DEVICE_FAMILY = "1,2";
			};
			name = Debug;
		};
		49116B021FC2C6E700BD73D2 /* Release */ = {
			isa = XCBuildConfiguration;
			buildSettings = {
				ALWAYS_EMBED_SWIFT_STANDARD_LIBRARIES = YES;
				CODE_SIGN_STYLE = Automatic;
				DEVELOPMENT_TEAM = 3CBZ8Z3F6P;
				INFOPLIST_FILE = ThreeRingControlTests/Info.plist;
				LD_RUNPATH_SEARCH_PATHS = "$(inherited) @executable_path/Frameworks @loader_path/Frameworks";
				PRODUCT_BUNDLE_IDENTIFIER = com.whu.sun.ThreeRingControlTests;
				PRODUCT_NAME = "$(TARGET_NAME)";
				SWIFT_VERSION = 4.0;
				TARGETED_DEVICE_FAMILY = "1,2";
			};
			name = Release;
		};
/* End XCBuildConfiguration section */

/* Begin XCConfigurationList section */
		49116AE31FC2C6E700BD73D2 /* Build configuration list for PBXProject "ThreeRingControl" */ = {
			isa = XCConfigurationList;
			buildConfigurations = (
				49116AFB1FC2C6E700BD73D2 /* Debug */,
				49116AFC1FC2C6E700BD73D2 /* Release */,
			);
			defaultConfigurationIsVisible = 0;
			defaultConfigurationName = Release;
		};
		49116AFD1FC2C6E700BD73D2 /* Build configuration list for PBXNativeTarget "ThreeRingControl" */ = {
			isa = XCConfigurationList;
			buildConfigurations = (
				49116AFE1FC2C6E700BD73D2 /* Debug */,
				49116AFF1FC2C6E700BD73D2 /* Release */,
			);
			defaultConfigurationIsVisible = 0;
			defaultConfigurationName = Release;
		};
		49116B001FC2C6E700BD73D2 /* Build configuration list for PBXNativeTarget "ThreeRingControlTests" */ = {
			isa = XCConfigurationList;
			buildConfigurations = (
				49116B011FC2C6E700BD73D2 /* Debug */,
				49116B021FC2C6E700BD73D2 /* Release */,
			);
			defaultConfigurationIsVisible = 0;
			defaultConfigurationName = Release;
		};
/* End XCConfigurationList section */
	};
	rootObject = 49116AE01FC2C6E700BD73D2 /* Project object */;
}
